
Microsoft Visual Studio Solution File, Format Version 12.00
# Visual Studio Version 17
VisualStudioVersion = 17.7.34031.279
MinimumVisualStudioVersion = 10.0.40219.1
Project("{9A19103F-16F7-4668-BE54-9A1E7A4F7556}") = "tugasList", "Folder Download\PBKK-w4-main\tugasList\tugasList.csproj", "{3EAC06E3-C5C2-4FE1-89CD-BE0404B5E425}"
EndProject
Global
	GlobalSection(SolutionConfigurationPlatforms) = preSolution
		Debug|Any CPU = Debug|Any CPU
		Release|Any CPU = Release|Any CPU
	EndGlobalSection
	GlobalSection(ProjectConfigurationPlatforms) = postSolution
		{3EAC06E3-C5C2-4FE1-89CD-BE0404B5E425}.Debug|Any CPU.ActiveCfg = Debug|Any CPU
		{3EAC06E3-C5C2-4FE1-89CD-BE0404B5E425}.Debug|Any CPU.Build.0 = Debug|Any CPU
		{3EAC06E3-C5C2-4FE1-89CD-BE0404B5E425}.Release|Any CPU.ActiveCfg = Release|Any CPU
		{3EAC06E3-C5C2-4FE1-89CD-BE0404B5E425}.Release|Any CPU.Build.0 = Release|Any CPU
	EndGlobalSection
	GlobalSection(SolutionProperties) = preSolution
		HideSolutionNode = FALSE
	EndGlobalSection
	GlobalSection(ExtensibilityGlobals) = postSolution
		SolutionGuid = {A54EE120-D0E7-4A1D-9176-5F4AEA84C566}
	EndGlobalSection
EndGlobal
